// !$*UTF8*$!
{
	archiveVersion = 1;
	classes = {
	};
	objectVersion = 48;
	objects = {

/* Begin PBXBuildFile section */
		0049024A1F4C40AC004C1411 /* Identifiable.swift in Sources */ = {isa = PBXBuildFile; fileRef = 004902491F4C40AC004C1411 /* Identifiable.swift */; };
		0049024D1F4C42B3004C1411 /* InMemoryCacheDataSource.swift in Sources */ = {isa = PBXBuildFile; fileRef = 0049024C1F4C42B3004C1411 /* InMemoryCacheDataSource.swift */; };
		0049024F1F4C42C2004C1411 /* CachePolicies.swift in Sources */ = {isa = PBXBuildFile; fileRef = 0049024E1F4C42C2004C1411 /* CachePolicies.swift */; };
		004902511F4C4552004C1411 /* CacheItem.swift in Sources */ = {isa = PBXBuildFile; fileRef = 004902501F4C4552004C1411 /* CacheItem.swift */; };
		004902531F4C4A47004C1411 /* CachePolicy.swift in Sources */ = {isa = PBXBuildFile; fileRef = 004902521F4C4A47004C1411 /* CachePolicy.swift */; };
		004902561F4C6893004C1411 /* SQLiteDataSource.swift in Sources */ = {isa = PBXBuildFile; fileRef = 004902551F4C6893004C1411 /* SQLiteDataSource.swift */; };
		007F84821F4C18510011F55F /* BaseRepository.swift in Sources */ = {isa = PBXBuildFile; fileRef = 007F84811F4C18510011F55F /* BaseRepository.swift */; };
		007F84841F4C1D4D0011F55F /* DataSource.swift in Sources */ = {isa = PBXBuildFile; fileRef = 007F84831F4C1D4D0011F55F /* DataSource.swift */; };
		009CCF6A1F4C10BD0050AE20 /* AppDelegate.swift in Sources */ = {isa = PBXBuildFile; fileRef = 009CCF691F4C10BD0050AE20 /* AppDelegate.swift */; };
		009CCF6C1F4C10BD0050AE20 /* ViewController.swift in Sources */ = {isa = PBXBuildFile; fileRef = 009CCF6B1F4C10BD0050AE20 /* ViewController.swift */; };
		009CCF6F1F4C10BD0050AE20 /* Main.storyboard in Resources */ = {isa = PBXBuildFile; fileRef = 009CCF6D1F4C10BD0050AE20 /* Main.storyboard */; };
		009CCF711F4C10BD0050AE20 /* Assets.xcassets in Resources */ = {isa = PBXBuildFile; fileRef = 009CCF701F4C10BD0050AE20 /* Assets.xcassets */; };
		009CCF741F4C10BD0050AE20 /* LaunchScreen.storyboard in Resources */ = {isa = PBXBuildFile; fileRef = 009CCF721F4C10BD0050AE20 /* LaunchScreen.storyboard */; };
		009CCF9B1F4C15080050AE20 /* Policies.swift in Sources */ = {isa = PBXBuildFile; fileRef = 009CCF9A1F4C15080050AE20 /* Policies.swift */; };
		00A643C51F4EB5800078FEDA /* MemoryDataSource.swift in Sources */ = {isa = PBXBuildFile; fileRef = 00A643C41F4EB5800078FEDA /* MemoryDataSource.swift */; };
		00ADC8D01F4F02DE009A5DE6 /* SQLiteDataSourceTest.swift in Sources */ = {isa = PBXBuildFile; fileRef = 00ADC8CF1F4F02DE009A5DE6 /* SQLiteDataSourceTest.swift */; };
		00ADC8D21F4F02E8009A5DE6 /* MemoryDataSourceTest.swift in Sources */ = {isa = PBXBuildFile; fileRef = 00ADC8D11F4F02E8009A5DE6 /* MemoryDataSourceTest.swift */; };
		67A9DC4A8DCE7549B82CF7F5 /* Pods_repositoriesTests.framework in Frameworks */ = {isa = PBXBuildFile; fileRef = 0497D76761A5FD52C1158426 /* Pods_repositoriesTests.framework */; };
		D8F8AF2BDAF3DE3D09BB5A9C /* Pods_repositories.framework in Frameworks */ = {isa = PBXBuildFile; fileRef = 590FDB1098851101F2AA48A0 /* Pods_repositories.framework */; };
		E401DA3A1F4C6ADE00C30BAC /* Codable.swift in Sources */ = {isa = PBXBuildFile; fileRef = E401DA391F4C6ADE00C30BAC /* Codable.swift */; };
		E401DA3E1F4D664200C30BAC /* OrderedDictionary.swift in Sources */ = {isa = PBXBuildFile; fileRef = E401DA3D1F4D664200C30BAC /* OrderedDictionary.swift */; };
		E401DA401F4D7F9900C30BAC /* ReactiveRepository.swift in Sources */ = {isa = PBXBuildFile; fileRef = E401DA3F1F4D7F9900C30BAC /* ReactiveRepository.swift */; };
		E401DA431F4D960800C30BAC /* RepositoryMother.swift in Sources */ = {isa = PBXBuildFile; fileRef = E401DA421F4D960800C30BAC /* RepositoryMother.swift */; };
		E401DA451F4DAA6400C30BAC /* DataSourceMock.swift in Sources */ = {isa = PBXBuildFile; fileRef = E401DA441F4DAA6400C30BAC /* DataSourceMock.swift */; };
		E401DA471F4DBB4500C30BAC /* BaseRepositoryTest.swift in Sources */ = {isa = PBXBuildFile; fileRef = E401DA461F4DBB4500C30BAC /* BaseRepositoryTest.swift */; };
		E401DA491F4DC68900C30BAC /* TestValue.swift in Sources */ = {isa = PBXBuildFile; fileRef = E401DA481F4DC68900C30BAC /* TestValue.swift */; };
		E401DA4B1F4EBA7500C30BAC /* XCTestCase+Expectations.swift in Sources */ = {isa = PBXBuildFile; fileRef = E401DA4A1F4EBA7500C30BAC /* XCTestCase+Expectations.swift */; };
		E4622A6A1F4F1C6900F82809 /* RespositoriesTests.swift in Sources */ = {isa = PBXBuildFile; fileRef = E4622A691F4F1C6900F82809 /* RespositoriesTests.swift */; };
		E4BDC3511F4F14520001C470 /* ReactiveRepositoryTest.swift in Sources */ = {isa = PBXBuildFile; fileRef = E4BDC3501F4F14520001C470 /* ReactiveRepositoryTest.swift */; };
/* End PBXBuildFile section */

/* Begin PBXContainerItemProxy section */
		009CCF7B1F4C10BD0050AE20 /* PBXContainerItemProxy */ = {
			isa = PBXContainerItemProxy;
			containerPortal = 009CCF5E1F4C10BC0050AE20 /* Project object */;
			proxyType = 1;
			remoteGlobalIDString = 009CCF651F4C10BD0050AE20;
			remoteInfo = repositories;
		};
/* End PBXContainerItemProxy section */

/* Begin PBXFileReference section */
		004902491F4C40AC004C1411 /* Identifiable.swift */ = {isa = PBXFileReference; lastKnownFileType = sourcecode.swift; path = Identifiable.swift; sourceTree = "<group>"; };
		0049024C1F4C42B3004C1411 /* InMemoryCacheDataSource.swift */ = {isa = PBXFileReference; lastKnownFileType = sourcecode.swift; path = InMemoryCacheDataSource.swift; sourceTree = "<group>"; };
		0049024E1F4C42C2004C1411 /* CachePolicies.swift */ = {isa = PBXFileReference; lastKnownFileType = sourcecode.swift; path = CachePolicies.swift; sourceTree = "<group>"; };
		004902501F4C4552004C1411 /* CacheItem.swift */ = {isa = PBXFileReference; lastKnownFileType = sourcecode.swift; path = CacheItem.swift; sourceTree = "<group>"; };
		004902521F4C4A47004C1411 /* CachePolicy.swift */ = {isa = PBXFileReference; lastKnownFileType = sourcecode.swift; path = CachePolicy.swift; sourceTree = "<group>"; };
		004902551F4C6893004C1411 /* SQLiteDataSource.swift */ = {isa = PBXFileReference; lastKnownFileType = sourcecode.swift; path = SQLiteDataSource.swift; sourceTree = "<group>"; };
		007F84811F4C18510011F55F /* BaseRepository.swift */ = {isa = PBXFileReference; lastKnownFileType = sourcecode.swift; path = BaseRepository.swift; sourceTree = "<group>"; };
		007F84831F4C1D4D0011F55F /* DataSource.swift */ = {isa = PBXFileReference; lastKnownFileType = sourcecode.swift; path = DataSource.swift; sourceTree = "<group>"; };
		009CCF661F4C10BD0050AE20 /* repositories.app */ = {isa = PBXFileReference; explicitFileType = wrapper.application; includeInIndex = 0; path = repositories.app; sourceTree = BUILT_PRODUCTS_DIR; };
		009CCF691F4C10BD0050AE20 /* AppDelegate.swift */ = {isa = PBXFileReference; lastKnownFileType = sourcecode.swift; path = AppDelegate.swift; sourceTree = "<group>"; };
		009CCF6B1F4C10BD0050AE20 /* ViewController.swift */ = {isa = PBXFileReference; lastKnownFileType = sourcecode.swift; path = ViewController.swift; sourceTree = "<group>"; };
		009CCF6E1F4C10BD0050AE20 /* Base */ = {isa = PBXFileReference; lastKnownFileType = file.storyboard; name = Base; path = Base.lproj/Main.storyboard; sourceTree = "<group>"; };
		009CCF701F4C10BD0050AE20 /* Assets.xcassets */ = {isa = PBXFileReference; lastKnownFileType = folder.assetcatalog; path = Assets.xcassets; sourceTree = "<group>"; };
		009CCF731F4C10BD0050AE20 /* Base */ = {isa = PBXFileReference; lastKnownFileType = file.storyboard; name = Base; path = Base.lproj/LaunchScreen.storyboard; sourceTree = "<group>"; };
		009CCF751F4C10BD0050AE20 /* Info.plist */ = {isa = PBXFileReference; lastKnownFileType = text.plist.xml; path = Info.plist; sourceTree = "<group>"; };
		009CCF7A1F4C10BD0050AE20 /* repositoriesTests.xctest */ = {isa = PBXFileReference; explicitFileType = wrapper.cfbundle; includeInIndex = 0; path = repositoriesTests.xctest; sourceTree = BUILT_PRODUCTS_DIR; };
		009CCF801F4C10BD0050AE20 /* Info.plist */ = {isa = PBXFileReference; lastKnownFileType = text.plist.xml; path = Info.plist; sourceTree = "<group>"; };
		009CCF9A1F4C15080050AE20 /* Policies.swift */ = {isa = PBXFileReference; lastKnownFileType = sourcecode.swift; path = Policies.swift; sourceTree = "<group>"; };
		00A643C41F4EB5800078FEDA /* MemoryDataSource.swift */ = {isa = PBXFileReference; lastKnownFileType = sourcecode.swift; path = MemoryDataSource.swift; sourceTree = "<group>"; };
		00ADC8CF1F4F02DE009A5DE6 /* SQLiteDataSourceTest.swift */ = {isa = PBXFileReference; lastKnownFileType = sourcecode.swift; path = SQLiteDataSourceTest.swift; sourceTree = "<group>"; };
		00ADC8D11F4F02E8009A5DE6 /* MemoryDataSourceTest.swift */ = {isa = PBXFileReference; lastKnownFileType = sourcecode.swift; path = MemoryDataSourceTest.swift; sourceTree = "<group>"; };
		0497D76761A5FD52C1158426 /* Pods_repositoriesTests.framework */ = {isa = PBXFileReference; explicitFileType = wrapper.framework; includeInIndex = 0; path = Pods_repositoriesTests.framework; sourceTree = BUILT_PRODUCTS_DIR; };
		0D0790330CCEF4EAA8631B77 /* Pods-repositoriesUITests.release.xcconfig */ = {isa = PBXFileReference; includeInIndex = 1; lastKnownFileType = text.xcconfig; name = "Pods-repositoriesUITests.release.xcconfig"; path = "Pods/Target Support Files/Pods-repositoriesUITests/Pods-repositoriesUITests.release.xcconfig"; sourceTree = "<group>"; };
		4C64433AB095C3698CEABF6E /* Pods-repositoriesTests.release.xcconfig */ = {isa = PBXFileReference; includeInIndex = 1; lastKnownFileType = text.xcconfig; name = "Pods-repositoriesTests.release.xcconfig"; path = "Pods/Target Support Files/Pods-repositoriesTests/Pods-repositoriesTests.release.xcconfig"; sourceTree = "<group>"; };
		4F410DAB9E539EDE4507E4FE /* Pods-repositories.release.xcconfig */ = {isa = PBXFileReference; includeInIndex = 1; lastKnownFileType = text.xcconfig; name = "Pods-repositories.release.xcconfig"; path = "Pods/Target Support Files/Pods-repositories/Pods-repositories.release.xcconfig"; sourceTree = "<group>"; };
		590FDB1098851101F2AA48A0 /* Pods_repositories.framework */ = {isa = PBXFileReference; explicitFileType = wrapper.framework; includeInIndex = 0; path = Pods_repositories.framework; sourceTree = BUILT_PRODUCTS_DIR; };
		75F53FEFFF80B34A4791FFDC /* Pods-repositories.debug.xcconfig */ = {isa = PBXFileReference; includeInIndex = 1; lastKnownFileType = text.xcconfig; name = "Pods-repositories.debug.xcconfig"; path = "Pods/Target Support Files/Pods-repositories/Pods-repositories.debug.xcconfig"; sourceTree = "<group>"; };
		A4C53683EBB2434296C09E76 /* Pods-repositoriesTests.debug.xcconfig */ = {isa = PBXFileReference; includeInIndex = 1; lastKnownFileType = text.xcconfig; name = "Pods-repositoriesTests.debug.xcconfig"; path = "Pods/Target Support Files/Pods-repositoriesTests/Pods-repositoriesTests.debug.xcconfig"; sourceTree = "<group>"; };
		AE37704F025BC24B2F0CA414 /* Pods_repositoriesUITests.framework */ = {isa = PBXFileReference; explicitFileType = wrapper.framework; includeInIndex = 0; path = Pods_repositoriesUITests.framework; sourceTree = BUILT_PRODUCTS_DIR; };
		D2F16F6094A110E3990C0645 /* Pods-repositoriesUITests.debug.xcconfig */ = {isa = PBXFileReference; includeInIndex = 1; lastKnownFileType = text.xcconfig; name = "Pods-repositoriesUITests.debug.xcconfig"; path = "Pods/Target Support Files/Pods-repositoriesUITests/Pods-repositoriesUITests.debug.xcconfig"; sourceTree = "<group>"; };
		E401DA391F4C6ADE00C30BAC /* Codable.swift */ = {isa = PBXFileReference; lastKnownFileType = sourcecode.swift; path = Codable.swift; sourceTree = "<group>"; };
		E401DA3D1F4D664200C30BAC /* OrderedDictionary.swift */ = {isa = PBXFileReference; lastKnownFileType = sourcecode.swift; path = OrderedDictionary.swift; sourceTree = "<group>"; };
		E401DA3F1F4D7F9900C30BAC /* ReactiveRepository.swift */ = {isa = PBXFileReference; lastKnownFileType = sourcecode.swift; path = ReactiveRepository.swift; sourceTree = "<group>"; };
		E401DA421F4D960800C30BAC /* RepositoryMother.swift */ = {isa = PBXFileReference; lastKnownFileType = sourcecode.swift; path = RepositoryMother.swift; sourceTree = "<group>"; };
		E401DA441F4DAA6400C30BAC /* DataSourceMock.swift */ = {isa = PBXFileReference; lastKnownFileType = sourcecode.swift; path = DataSourceMock.swift; sourceTree = "<group>"; };
		E401DA461F4DBB4500C30BAC /* BaseRepositoryTest.swift */ = {isa = PBXFileReference; lastKnownFileType = sourcecode.swift; path = BaseRepositoryTest.swift; sourceTree = "<group>"; };
		E401DA481F4DC68900C30BAC /* TestValue.swift */ = {isa = PBXFileReference; lastKnownFileType = sourcecode.swift; path = TestValue.swift; sourceTree = "<group>"; };
		E401DA4A1F4EBA7500C30BAC /* XCTestCase+Expectations.swift */ = {isa = PBXFileReference; lastKnownFileType = sourcecode.swift; path = "XCTestCase+Expectations.swift"; sourceTree = "<group>"; };
		E4622A691F4F1C6900F82809 /* RespositoriesTests.swift */ = {isa = PBXFileReference; lastKnownFileType = sourcecode.swift; path = RespositoriesTests.swift; sourceTree = "<group>"; };
		E4BDC3501F4F14520001C470 /* ReactiveRepositoryTest.swift */ = {isa = PBXFileReference; lastKnownFileType = sourcecode.swift; path = ReactiveRepositoryTest.swift; sourceTree = "<group>"; };
/* End PBXFileReference section */

/* Begin PBXFrameworksBuildPhase section */
		009CCF631F4C10BD0050AE20 /* Frameworks */ = {
			isa = PBXFrameworksBuildPhase;
			buildActionMask = 2147483647;
			files = (
				D8F8AF2BDAF3DE3D09BB5A9C /* Pods_repositories.framework in Frameworks */,
			);
			runOnlyForDeploymentPostprocessing = 0;
		};
		009CCF771F4C10BD0050AE20 /* Frameworks */ = {
			isa = PBXFrameworksBuildPhase;
			buildActionMask = 2147483647;
			files = (
				67A9DC4A8DCE7549B82CF7F5 /* Pods_repositoriesTests.framework in Frameworks */,
			);
			runOnlyForDeploymentPostprocessing = 0;
		};
/* End PBXFrameworksBuildPhase section */

/* Begin PBXGroup section */
		0049024B1F4C4265004C1411 /* data */ = {
			isa = PBXGroup;
			children = (
				004902551F4C6893004C1411 /* SQLiteDataSource.swift */,
				00A643C41F4EB5800078FEDA /* MemoryDataSource.swift */,
				E401DA3D1F4D664200C30BAC /* OrderedDictionary.swift */,
				0049024C1F4C42B3004C1411 /* InMemoryCacheDataSource.swift */,
				0049024E1F4C42C2004C1411 /* CachePolicies.swift */,
			);
			path = data;
			sourceTree = "<group>";
		};
		009CCF5D1F4C10BC0050AE20 = {
			isa = PBXGroup;
			children = (
				009CCF681F4C10BD0050AE20 /* repositories */,
				009CCF7D1F4C10BD0050AE20 /* repositoriesTests */,
				009CCF671F4C10BD0050AE20 /* Products */,
				A5F468ED992E6DCD5DC5B046 /* Pods */,
				DCC1DC6B3482D5B132333EDB /* Frameworks */,
			);
			sourceTree = "<group>";
		};
		009CCF671F4C10BD0050AE20 /* Products */ = {
			isa = PBXGroup;
			children = (
				009CCF661F4C10BD0050AE20 /* repositories.app */,
				009CCF7A1F4C10BD0050AE20 /* repositoriesTests.xctest */,
			);
			name = Products;
			sourceTree = "<group>";
		};
		009CCF681F4C10BD0050AE20 /* repositories */ = {
			isa = PBXGroup;
			children = (
				0049024B1F4C4265004C1411 /* data */,
				009CCF971F4C14CE0050AE20 /* domain */,
				009CCF691F4C10BD0050AE20 /* AppDelegate.swift */,
				009CCF6B1F4C10BD0050AE20 /* ViewController.swift */,
				009CCF6D1F4C10BD0050AE20 /* Main.storyboard */,
				009CCF701F4C10BD0050AE20 /* Assets.xcassets */,
				009CCF721F4C10BD0050AE20 /* LaunchScreen.storyboard */,
				009CCF751F4C10BD0050AE20 /* Info.plist */,
			);
			path = repositories;
			sourceTree = "<group>";
		};
		009CCF7D1F4C10BD0050AE20 /* repositoriesTests */ = {
			isa = PBXGroup;
			children = (
				00ADC8CE1F4F02C8009A5DE6 /* data */,
				E401DA411F4D954A00C30BAC /* domain */,
				009CCF801F4C10BD0050AE20 /* Info.plist */,
				E401DA4A1F4EBA7500C30BAC /* XCTestCase+Expectations.swift */,
				E4622A691F4F1C6900F82809 /* RespositoriesTests.swift */,
			);
			path = repositoriesTests;
			sourceTree = "<group>";
		};
		009CCF971F4C14CE0050AE20 /* domain */ = {
			isa = PBXGroup;
			children = (
				009CCF981F4C14E10050AE20 /* repositories */,
			);
			path = domain;
			sourceTree = "<group>";
		};
		009CCF981F4C14E10050AE20 /* repositories */ = {
			isa = PBXGroup;
			children = (
				009CCF9A1F4C15080050AE20 /* Policies.swift */,
				007F84811F4C18510011F55F /* BaseRepository.swift */,
				007F84831F4C1D4D0011F55F /* DataSource.swift */,
				004902491F4C40AC004C1411 /* Identifiable.swift */,
				004902501F4C4552004C1411 /* CacheItem.swift */,
				004902521F4C4A47004C1411 /* CachePolicy.swift */,
				E401DA391F4C6ADE00C30BAC /* Codable.swift */,
				E401DA3F1F4D7F9900C30BAC /* ReactiveRepository.swift */,
			);
			path = repositories;
			sourceTree = "<group>";
		};
		00ADC8CE1F4F02C8009A5DE6 /* data */ = {
			isa = PBXGroup;
			children = (
				00ADC8CF1F4F02DE009A5DE6 /* SQLiteDataSourceTest.swift */,
				00ADC8D11F4F02E8009A5DE6 /* MemoryDataSourceTest.swift */,
			);
			path = data;
			sourceTree = "<group>";
		};
		A5F468ED992E6DCD5DC5B046 /* Pods */ = {
			isa = PBXGroup;
			children = (
				75F53FEFFF80B34A4791FFDC /* Pods-repositories.debug.xcconfig */,
				4F410DAB9E539EDE4507E4FE /* Pods-repositories.release.xcconfig */,
				A4C53683EBB2434296C09E76 /* Pods-repositoriesTests.debug.xcconfig */,
				4C64433AB095C3698CEABF6E /* Pods-repositoriesTests.release.xcconfig */,
				D2F16F6094A110E3990C0645 /* Pods-repositoriesUITests.debug.xcconfig */,
				0D0790330CCEF4EAA8631B77 /* Pods-repositoriesUITests.release.xcconfig */,
			);
			name = Pods;
			sourceTree = "<group>";
		};
		DCC1DC6B3482D5B132333EDB /* Frameworks */ = {
			isa = PBXGroup;
			children = (
				590FDB1098851101F2AA48A0 /* Pods_repositories.framework */,
				0497D76761A5FD52C1158426 /* Pods_repositoriesTests.framework */,
				AE37704F025BC24B2F0CA414 /* Pods_repositoriesUITests.framework */,
			);
			name = Frameworks;
			sourceTree = "<group>";
		};
		E401DA411F4D954A00C30BAC /* domain */ = {
			isa = PBXGroup;
			children = (
				E401DA421F4D960800C30BAC /* RepositoryMother.swift */,
				E401DA441F4DAA6400C30BAC /* DataSourceMock.swift */,
				E401DA461F4DBB4500C30BAC /* BaseRepositoryTest.swift */,
				E401DA481F4DC68900C30BAC /* TestValue.swift */,
				E4BDC3501F4F14520001C470 /* ReactiveRepositoryTest.swift */,
			);
			path = domain;
			sourceTree = "<group>";
		};
/* End PBXGroup section */

/* Begin PBXNativeTarget section */
		009CCF651F4C10BD0050AE20 /* repositories */ = {
			isa = PBXNativeTarget;
			buildConfigurationList = 009CCF8E1F4C10BD0050AE20 /* Build configuration list for PBXNativeTarget "repositories" */;
			buildPhases = (
				1D7F7BC2B1479ADCD8618467 /* [CP] Check Pods Manifest.lock */,
				009CCF621F4C10BD0050AE20 /* Sources */,
				009CCF631F4C10BD0050AE20 /* Frameworks */,
				009CCF641F4C10BD0050AE20 /* Resources */,
				6A9BB5ECB9F29029726DD436 /* [CP] Embed Pods Frameworks */,
				45C9795620D278BCB304CBB4 /* [CP] Copy Pods Resources */,
			);
			buildRules = (
			);
			dependencies = (
			);
			name = repositories;
			productName = repositories;
			productReference = 009CCF661F4C10BD0050AE20 /* repositories.app */;
			productType = "com.apple.product-type.application";
		};
		009CCF791F4C10BD0050AE20 /* repositoriesTests */ = {
			isa = PBXNativeTarget;
			buildConfigurationList = 009CCF911F4C10BD0050AE20 /* Build configuration list for PBXNativeTarget "repositoriesTests" */;
			buildPhases = (
				4733ADD5ECCD8B59C4A8EFC9 /* [CP] Check Pods Manifest.lock */,
				009CCF761F4C10BD0050AE20 /* Sources */,
				009CCF771F4C10BD0050AE20 /* Frameworks */,
				009CCF781F4C10BD0050AE20 /* Resources */,
				FBF071A7EBA088FD19033B80 /* [CP] Embed Pods Frameworks */,
				C0B4D083E15547F94103C891 /* [CP] Copy Pods Resources */,
			);
			buildRules = (
			);
			dependencies = (
				009CCF7C1F4C10BD0050AE20 /* PBXTargetDependency */,
			);
			name = repositoriesTests;
			productName = repositoriesTests;
			productReference = 009CCF7A1F4C10BD0050AE20 /* repositoriesTests.xctest */;
			productType = "com.apple.product-type.bundle.unit-test";
		};
/* End PBXNativeTarget section */

/* Begin PBXProject section */
		009CCF5E1F4C10BC0050AE20 /* Project object */ = {
			isa = PBXProject;
			attributes = {
				LastSwiftUpdateCheck = 0900;
				LastUpgradeCheck = 0900;
				ORGANIZATIONNAME = Astrid;
				TargetAttributes = {
					009CCF651F4C10BD0050AE20 = {
						CreatedOnToolsVersion = 9.0;
					};
					009CCF791F4C10BD0050AE20 = {
						CreatedOnToolsVersion = 9.0;
						TestTargetID = 009CCF651F4C10BD0050AE20;
					};
				};
			};
			buildConfigurationList = 009CCF611F4C10BD0050AE20 /* Build configuration list for PBXProject "repositories" */;
			compatibilityVersion = "Xcode 8.0";
			developmentRegion = en;
			hasScannedForEncodings = 0;
			knownRegions = (
				en,
				Base,
			);
			mainGroup = 009CCF5D1F4C10BC0050AE20;
			productRefGroup = 009CCF671F4C10BD0050AE20 /* Products */;
			projectDirPath = "";
			projectRoot = "";
			targets = (
				009CCF651F4C10BD0050AE20 /* repositories */,
				009CCF791F4C10BD0050AE20 /* repositoriesTests */,
			);
		};
/* End PBXProject section */

/* Begin PBXResourcesBuildPhase section */
		009CCF641F4C10BD0050AE20 /* Resources */ = {
			isa = PBXResourcesBuildPhase;
			buildActionMask = 2147483647;
			files = (
				009CCF741F4C10BD0050AE20 /* LaunchScreen.storyboard in Resources */,
				009CCF711F4C10BD0050AE20 /* Assets.xcassets in Resources */,
				009CCF6F1F4C10BD0050AE20 /* Main.storyboard in Resources */,
			);
			runOnlyForDeploymentPostprocessing = 0;
		};
		009CCF781F4C10BD0050AE20 /* Resources */ = {
			isa = PBXResourcesBuildPhase;
			buildActionMask = 2147483647;
			files = (
			);
			runOnlyForDeploymentPostprocessing = 0;
		};
/* End PBXResourcesBuildPhase section */

/* Begin PBXShellScriptBuildPhase section */
		1D7F7BC2B1479ADCD8618467 /* [CP] Check Pods Manifest.lock */ = {
			isa = PBXShellScriptBuildPhase;
			buildActionMask = 2147483647;
			files = (
			);
			inputPaths = (
			);
			name = "[CP] Check Pods Manifest.lock";
			outputPaths = (
			);
			runOnlyForDeploymentPostprocessing = 0;
			shellPath = /bin/sh;
			shellScript = "diff \"${PODS_PODFILE_DIR_PATH}/Podfile.lock\" \"${PODS_ROOT}/Manifest.lock\" > /dev/null\nif [ $? != 0 ] ; then\n    # print error to STDERR\n    echo \"error: The sandbox is not in sync with the Podfile.lock. Run 'pod install' or update your CocoaPods installation.\" >&2\n    exit 1\nfi\n";
			showEnvVarsInLog = 0;
		};
		45C9795620D278BCB304CBB4 /* [CP] Copy Pods Resources */ = {
			isa = PBXShellScriptBuildPhase;
			buildActionMask = 2147483647;
			files = (
			);
			inputPaths = (
			);
			name = "[CP] Copy Pods Resources";
			outputPaths = (
			);
			runOnlyForDeploymentPostprocessing = 0;
			shellPath = /bin/sh;
			shellScript = "\"${SRCROOT}/Pods/Target Support Files/Pods-repositories/Pods-repositories-resources.sh\"\n";
			showEnvVarsInLog = 0;
		};
		4733ADD5ECCD8B59C4A8EFC9 /* [CP] Check Pods Manifest.lock */ = {
			isa = PBXShellScriptBuildPhase;
			buildActionMask = 2147483647;
			files = (
			);
			inputPaths = (
			);
			name = "[CP] Check Pods Manifest.lock";
			outputPaths = (
			);
			runOnlyForDeploymentPostprocessing = 0;
			shellPath = /bin/sh;
			shellScript = "diff \"${PODS_PODFILE_DIR_PATH}/Podfile.lock\" \"${PODS_ROOT}/Manifest.lock\" > /dev/null\nif [ $? != 0 ] ; then\n    # print error to STDERR\n    echo \"error: The sandbox is not in sync with the Podfile.lock. Run 'pod install' or update your CocoaPods installation.\" >&2\n    exit 1\nfi\n";
			showEnvVarsInLog = 0;
		};
		6A9BB5ECB9F29029726DD436 /* [CP] Embed Pods Frameworks */ = {
			isa = PBXShellScriptBuildPhase;
			buildActionMask = 2147483647;
			files = (
			);
			inputPaths = (
			);
			name = "[CP] Embed Pods Frameworks";
			outputPaths = (
			);
			runOnlyForDeploymentPostprocessing = 0;
			shellPath = /bin/sh;
			shellScript = "\"${SRCROOT}/Pods/Target Support Files/Pods-repositories/Pods-repositories-frameworks.sh\"\n";
			showEnvVarsInLog = 0;
		};
		C0B4D083E15547F94103C891 /* [CP] Copy Pods Resources */ = {
			isa = PBXShellScriptBuildPhase;
			buildActionMask = 2147483647;
			files = (
			);
			inputPaths = (
			);
			name = "[CP] Copy Pods Resources";
			outputPaths = (
			);
			runOnlyForDeploymentPostprocessing = 0;
			shellPath = /bin/sh;
			shellScript = "\"${SRCROOT}/Pods/Target Support Files/Pods-repositoriesTests/Pods-repositoriesTests-resources.sh\"\n";
			showEnvVarsInLog = 0;
		};
		FBF071A7EBA088FD19033B80 /* [CP] Embed Pods Frameworks */ = {
			isa = PBXShellScriptBuildPhase;
			buildActionMask = 2147483647;
			files = (
			);
			inputPaths = (
			);
			name = "[CP] Embed Pods Frameworks";
			outputPaths = (
			);
			runOnlyForDeploymentPostprocessing = 0;
			shellPath = /bin/sh;
			shellScript = "\"${SRCROOT}/Pods/Target Support Files/Pods-repositoriesTests/Pods-repositoriesTests-frameworks.sh\"\n";
			showEnvVarsInLog = 0;
		};
/* End PBXShellScriptBuildPhase section */

/* Begin PBXSourcesBuildPhase section */
		009CCF621F4C10BD0050AE20 /* Sources */ = {
			isa = PBXSourcesBuildPhase;
			buildActionMask = 2147483647;
			files = (
				009CCF6C1F4C10BD0050AE20 /* ViewController.swift in Sources */,
				0049024A1F4C40AC004C1411 /* Identifiable.swift in Sources */,
				0049024F1F4C42C2004C1411 /* CachePolicies.swift in Sources */,
				004902511F4C4552004C1411 /* CacheItem.swift in Sources */,
				00A643C51F4EB5800078FEDA /* MemoryDataSource.swift in Sources */,
				004902561F4C6893004C1411 /* SQLiteDataSource.swift in Sources */,
				0049024D1F4C42B3004C1411 /* InMemoryCacheDataSource.swift in Sources */,
				009CCF9B1F4C15080050AE20 /* Policies.swift in Sources */,
				E401DA401F4D7F9900C30BAC /* ReactiveRepository.swift in Sources */,
				E401DA3A1F4C6ADE00C30BAC /* Codable.swift in Sources */,
				007F84821F4C18510011F55F /* BaseRepository.swift in Sources */,
				007F84841F4C1D4D0011F55F /* DataSource.swift in Sources */,
				004902531F4C4A47004C1411 /* CachePolicy.swift in Sources */,
				009CCF6A1F4C10BD0050AE20 /* AppDelegate.swift in Sources */,
				E401DA3E1F4D664200C30BAC /* OrderedDictionary.swift in Sources */,
			);
			runOnlyForDeploymentPostprocessing = 0;
		};
		009CCF761F4C10BD0050AE20 /* Sources */ = {
			isa = PBXSourcesBuildPhase;
			buildActionMask = 2147483647;
			files = (
				E4622A6A1F4F1C6900F82809 /* RespositoriesTests.swift in Sources */,
				E401DA491F4DC68900C30BAC /* TestValue.swift in Sources */,
				00ADC8D21F4F02E8009A5DE6 /* MemoryDataSourceTest.swift in Sources */,
				E4BDC3511F4F14520001C470 /* ReactiveRepositoryTest.swift in Sources */,
				E401DA4B1F4EBA7500C30BAC /* XCTestCase+Expectations.swift in Sources */,
				E401DA431F4D960800C30BAC /* RepositoryMother.swift in Sources */,
				00ADC8D01F4F02DE009A5DE6 /* SQLiteDataSourceTest.swift in Sources */,
				E401DA471F4DBB4500C30BAC /* BaseRepositoryTest.swift in Sources */,
				E401DA451F4DAA6400C30BAC /* DataSourceMock.swift in Sources */,
			);
			runOnlyForDeploymentPostprocessing = 0;
		};
/* End PBXSourcesBuildPhase section */

/* Begin PBXTargetDependency section */
		009CCF7C1F4C10BD0050AE20 /* PBXTargetDependency */ = {
			isa = PBXTargetDependency;
			target = 009CCF651F4C10BD0050AE20 /* repositories */;
			targetProxy = 009CCF7B1F4C10BD0050AE20 /* PBXContainerItemProxy */;
		};
/* End PBXTargetDependency section */

/* Begin PBXVariantGroup section */
		009CCF6D1F4C10BD0050AE20 /* Main.storyboard */ = {
			isa = PBXVariantGroup;
			children = (
				009CCF6E1F4C10BD0050AE20 /* Base */,
			);
			name = Main.storyboard;
			sourceTree = "<group>";
		};
		009CCF721F4C10BD0050AE20 /* LaunchScreen.storyboard */ = {
			isa = PBXVariantGroup;
			children = (
				009CCF731F4C10BD0050AE20 /* Base */,
			);
			name = LaunchScreen.storyboard;
			sourceTree = "<group>";
		};
/* End PBXVariantGroup section */

/* Begin XCBuildConfiguration section */
		009CCF8C1F4C10BD0050AE20 /* Debug */ = {
			isa = XCBuildConfiguration;
			buildSettings = {
				ALWAYS_SEARCH_USER_PATHS = NO;
				CLANG_ANALYZER_NONNULL = YES;
				CLANG_ANALYZER_NUMBER_OBJECT_CONVERSION = YES_AGGRESSIVE;
				CLANG_CXX_LANGUAGE_STANDARD = "gnu++14";
				CLANG_CXX_LIBRARY = "libc++";
				CLANG_ENABLE_MODULES = YES;
				CLANG_ENABLE_OBJC_ARC = YES;
				CLANG_WARN_BLOCK_CAPTURE_AUTORELEASING = YES;
				CLANG_WARN_BOOL_CONVERSION = YES;
				CLANG_WARN_COMMA = YES;
				CLANG_WARN_CONSTANT_CONVERSION = YES;
				CLANG_WARN_DIRECT_OBJC_ISA_USAGE = YES_ERROR;
				CLANG_WARN_DOCUMENTATION_COMMENTS = YES;
				CLANG_WARN_EMPTY_BODY = YES;
				CLANG_WARN_ENUM_CONVERSION = YES;
				CLANG_WARN_INFINITE_RECURSION = YES;
				CLANG_WARN_INT_CONVERSION = YES;
				CLANG_WARN_NON_LITERAL_NULL_CONVERSION = YES;
				CLANG_WARN_OBJC_LITERAL_CONVERSION = YES;
				CLANG_WARN_OBJC_ROOT_CLASS = YES_ERROR;
				CLANG_WARN_RANGE_LOOP_ANALYSIS = YES;
				CLANG_WARN_STRICT_PROTOTYPES = YES;
				CLANG_WARN_SUSPICIOUS_MOVE = YES;
				CLANG_WARN_UNGUARDED_AVAILABILITY = YES_AGGRESSIVE;
				CLANG_WARN_UNREACHABLE_CODE = YES;
				CLANG_WARN__DUPLICATE_METHOD_MATCH = YES;
				CODE_SIGN_IDENTITY = "iPhone Developer";
				COPY_PHASE_STRIP = NO;
				DEBUG_INFORMATION_FORMAT = dwarf;
				ENABLE_STRICT_OBJC_MSGSEND = YES;
				ENABLE_TESTABILITY = YES;
				GCC_C_LANGUAGE_STANDARD = gnu11;
				GCC_DYNAMIC_NO_PIC = NO;
				GCC_NO_COMMON_BLOCKS = YES;
				GCC_OPTIMIZATION_LEVEL = 0;
				GCC_PREPROCESSOR_DEFINITIONS = (
					"DEBUG=1",
					"$(inherited)",
				);
				GCC_WARN_64_TO_32_BIT_CONVERSION = YES;
				GCC_WARN_ABOUT_RETURN_TYPE = YES_ERROR;
				GCC_WARN_UNDECLARED_SELECTOR = YES;
				GCC_WARN_UNINITIALIZED_AUTOS = YES_AGGRESSIVE;
				GCC_WARN_UNUSED_FUNCTION = YES;
				GCC_WARN_UNUSED_VARIABLE = YES;
				IPHONEOS_DEPLOYMENT_TARGET = 11.0;
				MTL_ENABLE_DEBUG_INFO = YES;
				ONLY_ACTIVE_ARCH = YES;
				SDKROOT = iphoneos;
				SWIFT_ACTIVE_COMPILATION_CONDITIONS = DEBUG;
				SWIFT_OPTIMIZATION_LEVEL = "-Onone";
			};
			name = Debug;
		};
		009CCF8D1F4C10BD0050AE20 /* Release */ = {
			isa = XCBuildConfiguration;
			buildSettings = {
				ALWAYS_SEARCH_USER_PATHS = NO;
				CLANG_ANALYZER_NONNULL = YES;
				CLANG_ANALYZER_NUMBER_OBJECT_CONVERSION = YES_AGGRESSIVE;
				CLANG_CXX_LANGUAGE_STANDARD = "gnu++14";
				CLANG_CXX_LIBRARY = "libc++";
				CLANG_ENABLE_MODULES = YES;
				CLANG_ENABLE_OBJC_ARC = YES;
				CLANG_WARN_BLOCK_CAPTURE_AUTORELEASING = YES;
				CLANG_WARN_BOOL_CONVERSION = YES;
				CLANG_WARN_COMMA = YES;
				CLANG_WARN_CONSTANT_CONVERSION = YES;
				CLANG_WARN_DIRECT_OBJC_ISA_USAGE = YES_ERROR;
				CLANG_WARN_DOCUMENTATION_COMMENTS = YES;
				CLANG_WARN_EMPTY_BODY = YES;
				CLANG_WARN_ENUM_CONVERSION = YES;
				CLANG_WARN_INFINITE_RECURSION = YES;
				CLANG_WARN_INT_CONVERSION = YES;
				CLANG_WARN_NON_LITERAL_NULL_CONVERSION = YES;
				CLANG_WARN_OBJC_LITERAL_CONVERSION = YES;
				CLANG_WARN_OBJC_ROOT_CLASS = YES_ERROR;
				CLANG_WARN_RANGE_LOOP_ANALYSIS = YES;
				CLANG_WARN_STRICT_PROTOTYPES = YES;
				CLANG_WARN_SUSPICIOUS_MOVE = YES;
				CLANG_WARN_UNGUARDED_AVAILABILITY = YES_AGGRESSIVE;
				CLANG_WARN_UNREACHABLE_CODE = YES;
				CLANG_WARN__DUPLICATE_METHOD_MATCH = YES;
				CODE_SIGN_IDENTITY = "iPhone Developer";
				COPY_PHASE_STRIP = NO;
				DEBUG_INFORMATION_FORMAT = "dwarf-with-dsym";
				ENABLE_NS_ASSERTIONS = NO;
				ENABLE_STRICT_OBJC_MSGSEND = YES;
				GCC_C_LANGUAGE_STANDARD = gnu11;
				GCC_NO_COMMON_BLOCKS = YES;
				GCC_WARN_64_TO_32_BIT_CONVERSION = YES;
				GCC_WARN_ABOUT_RETURN_TYPE = YES_ERROR;
				GCC_WARN_UNDECLARED_SELECTOR = YES;
				GCC_WARN_UNINITIALIZED_AUTOS = YES_AGGRESSIVE;
				GCC_WARN_UNUSED_FUNCTION = YES;
				GCC_WARN_UNUSED_VARIABLE = YES;
				IPHONEOS_DEPLOYMENT_TARGET = 11.0;
				MTL_ENABLE_DEBUG_INFO = NO;
				SDKROOT = iphoneos;
				SWIFT_OPTIMIZATION_LEVEL = "-Owholemodule";
				VALIDATE_PRODUCT = YES;
			};
			name = Release;
		};
		009CCF8F1F4C10BD0050AE20 /* Debug */ = {
			isa = XCBuildConfiguration;
			baseConfigurationReference = 75F53FEFFF80B34A4791FFDC /* Pods-repositories.debug.xcconfig */;
			buildSettings = {
				ASSETCATALOG_COMPILER_APPICON_NAME = AppIcon;
				INFOPLIST_FILE = repositories/Info.plist;
				LD_RUNPATH_SEARCH_PATHS = "$(inherited) @executable_path/Frameworks";
				PRODUCT_BUNDLE_IDENTIFIER = rider.repositories;
				PRODUCT_NAME = "$(TARGET_NAME)";
				SWIFT_VERSION = 3.0;
				TARGETED_DEVICE_FAMILY = "1,2";
			};
			name = Debug;
		};
		009CCF901F4C10BD0050AE20 /* Release */ = {
			isa = XCBuildConfiguration;
			baseConfigurationReference = 4F410DAB9E539EDE4507E4FE /* Pods-repositories.release.xcconfig */;
			buildSettings = {
				ASSETCATALOG_COMPILER_APPICON_NAME = AppIcon;
				INFOPLIST_FILE = repositories/Info.plist;
				LD_RUNPATH_SEARCH_PATHS = "$(inherited) @executable_path/Frameworks";
				PRODUCT_BUNDLE_IDENTIFIER = rider.repositories;
				PRODUCT_NAME = "$(TARGET_NAME)";
				SWIFT_VERSION = 3.0;
				TARGETED_DEVICE_FAMILY = "1,2";
			};
			name = Release;
		};
		009CCF921F4C10BD0050AE20 /* Debug */ = {
			isa = XCBuildConfiguration;
			baseConfigurationReference = A4C53683EBB2434296C09E76 /* Pods-repositoriesTests.debug.xcconfig */;
			buildSettings = {
				ALWAYS_EMBED_SWIFT_STANDARD_LIBRARIES = YES;
				BUNDLE_LOADER = "$(TEST_HOST)";
				INFOPLIST_FILE = repositoriesTests/Info.plist;
				LD_RUNPATH_SEARCH_PATHS = "$(inherited) @executable_path/Frameworks @loader_path/Frameworks";
				PRODUCT_BUNDLE_IDENTIFIER = rider.repositoriesTests;
				PRODUCT_NAME = "$(TARGET_NAME)";
				SWIFT_VERSION = 3.0;
				TARGETED_DEVICE_FAMILY = "1,2";
				TEST_HOST = "$(BUILT_PRODUCTS_DIR)/repositories.app/repositories";
			};
			name = Debug;
		};
		009CCF931F4C10BD0050AE20 /* Release */ = {
			isa = XCBuildConfiguration;
			baseConfigurationReference = 4C64433AB095C3698CEABF6E /* Pods-repositoriesTests.release.xcconfig */;
			buildSettings = {
				ALWAYS_EMBED_SWIFT_STANDARD_LIBRARIES = YES;
				BUNDLE_LOADER = "$(TEST_HOST)";
				INFOPLIST_FILE = repositoriesTests/Info.plist;
				LD_RUNPATH_SEARCH_PATHS = "$(inherited) @executable_path/Frameworks @loader_path/Frameworks";
				PRODUCT_BUNDLE_IDENTIFIER = rider.repositoriesTests;
				PRODUCT_NAME = "$(TARGET_NAME)";
				SWIFT_VERSION = 3.0;
				TARGETED_DEVICE_FAMILY = "1,2";
				TEST_HOST = "$(BUILT_PRODUCTS_DIR)/repositories.app/repositories";
			};
			name = Release;
		};
/* End XCBuildConfiguration section */

/* Begin XCConfigurationList section */
		009CCF611F4C10BD0050AE20 /* Build configuration list for PBXProject "repositories" */ = {
			isa = XCConfigurationList;
			buildConfigurations = (
				009CCF8C1F4C10BD0050AE20 /* Debug */,
				009CCF8D1F4C10BD0050AE20 /* Release */,
			);
			defaultConfigurationIsVisible = 0;
			defaultConfigurationName = Release;
		};
		009CCF8E1F4C10BD0050AE20 /* Build configuration list for PBXNativeTarget "repositories" */ = {
			isa = XCConfigurationList;
			buildConfigurations = (
				009CCF8F1F4C10BD0050AE20 /* Debug */,
				009CCF901F4C10BD0050AE20 /* Release */,
			);
			defaultConfigurationIsVisible = 0;
			defaultConfigurationName = Release;
		};
		009CCF911F4C10BD0050AE20 /* Build configuration list for PBXNativeTarget "repositoriesTests" */ = {
			isa = XCConfigurationList;
			buildConfigurations = (
				009CCF921F4C10BD0050AE20 /* Debug */,
				009CCF931F4C10BD0050AE20 /* Release */,
			);
			defaultConfigurationIsVisible = 0;
			defaultConfigurationName = Release;
		};
/* End XCConfigurationList section */
	};
	rootObject = 009CCF5E1F4C10BC0050AE20 /* Project object */;
}
